
Microsoft Visual Studio Solution File, Format Version 12.00
# Visual Studio 15
VisualStudioVersion = 15.0.28307.489
MinimumVisualStudioVersion = 10.0.40219.1
Project("{8BC9CEB8-8B4A-11D0-8D11-00A0C91BC942}") = "6.837", "6.837.vcxproj", "{BD9F8E6D-90DA-4296-A170-3314BCC4F804}"
EndProject
Global
	GlobalSection(SolutionConfigurationPlatforms) = preSolution
		Debug|x86 = Debug|x86
		Release|x86 = Release|x86
	EndGlobalSection
	GlobalSection(ProjectConfigurationPlatforms) = postSolution
		{BD9F8E6D-90DA-4296-A170-3314BCC4F804}.Debug|x86.ActiveCfg = Debug|Win32
		{BD9F8E6D-90DA-4296-A170-3314BCC4F804}.Debug|x86.Build.0 = Debug|Win32
		{BD9F8E6D-90DA-4296-A170-3314BCC4F804}.Release|x86.ActiveCfg = Release|Win32
		{BD9F8E6D-90DA-4296-A170-3314BCC4F804}.Release|x86.Build.0 = Release|Win32
	EndGlobalSection
	GlobalSection(SolutionProperties) = preSolution
		HideSolutionNode = FALSE
	EndGlobalSection
	GlobalSection(ExtensibilityGlobals) = postSolution
		SolutionGuid = {B492C22F-DA11-4E98-88C4-9B5AF6181969}
	EndGlobalSection
EndGlobal
